
Microsoft Visual Studio Solution File, Format Version 12.00
# Visual Studio Version 17
VisualStudioVersion = 17.9.34728.123
MinimumVisualStudioVersion = 10.0.40219.1
Project("{FAE04EC0-301F-11D3-BF4B-00C04F79EFBC}") = "Chapter8DecoratorLogging", "Chapter8DecoratorLogging\Chapter8DecoratorLogging\Chapter8DecoratorLogging.csproj", "{092A46FE-63A1-4C1F-B638-15F2144B2D55}"
EndProject
Project("{FAE04EC0-301F-11D3-BF4B-00C04F79EFBC}") = "Chapter8DecoratorLogging.Client", "Chapter8DecoratorLogging\Chapter8DecoratorLogging.Client\Chapter8DecoratorLogging.Client.csproj", "{122C7A51-9D8E-4F6A-8BF6-62899405F246}"
EndProject
Global
	GlobalSection(SolutionConfigurationPlatforms) = preSolution
		Debug|Any CPU = Debug|Any CPU
		Release|Any CPU = Release|Any CPU
	EndGlobalSection
	GlobalSection(ProjectConfigurationPlatforms) = postSolution
		{092A46FE-63A1-4C1F-B638-15F2144B2D55}.Debug|Any CPU.ActiveCfg = Debug|Any CPU
		{092A46FE-63A1-4C1F-B638-15F2144B2D55}.Debug|Any CPU.Build.0 = Debug|Any CPU
		{092A46FE-63A1-4C1F-B638-15F2144B2D55}.Release|Any CPU.ActiveCfg = Release|Any CPU
		{092A46FE-63A1-4C1F-B638-15F2144B2D55}.Release|Any CPU.Build.0 = Release|Any CPU
		{122C7A51-9D8E-4F6A-8BF6-62899405F246}.Debug|Any CPU.ActiveCfg = Debug|Any CPU
		{122C7A51-9D8E-4F6A-8BF6-62899405F246}.Debug|Any CPU.Build.0 = Debug|Any CPU
		{122C7A51-9D8E-4F6A-8BF6-62899405F246}.Release|Any CPU.ActiveCfg = Release|Any CPU
		{122C7A51-9D8E-4F6A-8BF6-62899405F246}.Release|Any CPU.Build.0 = Release|Any CPU
	EndGlobalSection
	GlobalSection(SolutionProperties) = preSolution
		HideSolutionNode = FALSE
	EndGlobalSection
	GlobalSection(ExtensibilityGlobals) = postSolution
		SolutionGuid = {D8D791C5-EA65-4E50-8B9A-BF6B879381AC}
	EndGlobalSection
EndGlobal
