
Microsoft Visual Studio Solution File, Format Version 12.00
# Visual Studio Version 17
VisualStudioVersion = 17.9.34622.214
MinimumVisualStudioVersion = 10.0.40219.1
Project("{9A19103F-16F7-4668-BE54-9A1E7A4F7556}") = "Chapter4MinimalAPIWithMVC", "Chapter4MinimalAPIWithMVC\Chapter4MinimalAPIWithMVC\Chapter4MinimalAPIWithMVC.csproj", "{F1A67BE3-2BE5-47D3-8AD7-9898ECED73F4}"
EndProject
Project("{9A19103F-16F7-4668-BE54-9A1E7A4F7556}") = "Chapter4MinimalAPIWithMVC.Client", "Chapter4MinimalAPIWithMVC\Chapter4MinimalAPIWithMVC.Client\Chapter4MinimalAPIWithMVC.Client.csproj", "{7725481A-8919-4CCD-ADB3-87337FFDEDF5}"
EndProject
Project("{9A19103F-16F7-4668-BE54-9A1E7A4F7556}") = "Chapter4MinimalAPIWithMVC.Shared", "Chapter4MinimalAPIWithMVC.Shared\Chapter4MinimalAPIWithMVC.Shared.csproj", "{5CDA82A4-2751-400C-BE95-A57ED451E3DE}"
EndProject
Global
	GlobalSection(SolutionConfigurationPlatforms) = preSolution
		Debug|Any CPU = Debug|Any CPU
		Release|Any CPU = Release|Any CPU
	EndGlobalSection
	GlobalSection(ProjectConfigurationPlatforms) = postSolution
		{F1A67BE3-2BE5-47D3-8AD7-9898ECED73F4}.Debug|Any CPU.ActiveCfg = Debug|Any CPU
		{F1A67BE3-2BE5-47D3-8AD7-9898ECED73F4}.Debug|Any CPU.Build.0 = Debug|Any CPU
		{F1A67BE3-2BE5-47D3-8AD7-9898ECED73F4}.Release|Any CPU.ActiveCfg = Release|Any CPU
		{F1A67BE3-2BE5-47D3-8AD7-9898ECED73F4}.Release|Any CPU.Build.0 = Release|Any CPU
		{7725481A-8919-4CCD-ADB3-87337FFDEDF5}.Debug|Any CPU.ActiveCfg = Debug|Any CPU
		{7725481A-8919-4CCD-ADB3-87337FFDEDF5}.Debug|Any CPU.Build.0 = Debug|Any CPU
		{7725481A-8919-4CCD-ADB3-87337FFDEDF5}.Release|Any CPU.ActiveCfg = Release|Any CPU
		{7725481A-8919-4CCD-ADB3-87337FFDEDF5}.Release|Any CPU.Build.0 = Release|Any CPU
		{5CDA82A4-2751-400C-BE95-A57ED451E3DE}.Debug|Any CPU.ActiveCfg = Debug|Any CPU
		{5CDA82A4-2751-400C-BE95-A57ED451E3DE}.Debug|Any CPU.Build.0 = Debug|Any CPU
		{5CDA82A4-2751-400C-BE95-A57ED451E3DE}.Release|Any CPU.ActiveCfg = Release|Any CPU
		{5CDA82A4-2751-400C-BE95-A57ED451E3DE}.Release|Any CPU.Build.0 = Release|Any CPU
	EndGlobalSection
	GlobalSection(SolutionProperties) = preSolution
		HideSolutionNode = FALSE
	EndGlobalSection
	GlobalSection(ExtensibilityGlobals) = postSolution
		SolutionGuid = {16C74F9C-D2A8-4E6C-A677-18A901EA4506}
	EndGlobalSection
EndGlobal
