
Microsoft Visual Studio Solution File, Format Version 12.00
# Visual Studio Version 17
VisualStudioVersion = 17.9.34728.123
MinimumVisualStudioVersion = 10.0.40219.1
Project("{9A19103F-16F7-4668-BE54-9A1E7A4F7556}") = "Chapter8ObserverCascading", "Chapter8ObserverCascading\Chapter8ObserverCascading.csproj", "{EA143087-A635-4EBA-91CD-9764E8A47828}"
EndProject
Global
	GlobalSection(SolutionConfigurationPlatforms) = preSolution
		Debug|Any CPU = Debug|Any CPU
		Release|Any CPU = Release|Any CPU
	EndGlobalSection
	GlobalSection(ProjectConfigurationPlatforms) = postSolution
		{EA143087-A635-4EBA-91CD-9764E8A47828}.Debug|Any CPU.ActiveCfg = Debug|Any CPU
		{EA143087-A635-4EBA-91CD-9764E8A47828}.Debug|Any CPU.Build.0 = Debug|Any CPU
		{EA143087-A635-4EBA-91CD-9764E8A47828}.Release|Any CPU.ActiveCfg = Release|Any CPU
		{EA143087-A635-4EBA-91CD-9764E8A47828}.Release|Any CPU.Build.0 = Release|Any CPU
	EndGlobalSection
	GlobalSection(SolutionProperties) = preSolution
		HideSolutionNode = FALSE
	EndGlobalSection
	GlobalSection(ExtensibilityGlobals) = postSolution
		SolutionGuid = {065CDFF6-4823-46F6-846E-097426047C48}
	EndGlobalSection
EndGlobal
