
Microsoft Visual Studio Solution File, Format Version 12.00
# Visual Studio Version 17
VisualStudioVersion = 17.9.34622.214
MinimumVisualStudioVersion = 10.0.40219.1
Project("{9A19103F-16F7-4668-BE54-9A1E7A4F7556}") = "Chapter3CleanArchitecture", "Chapter3CleanArchitecture\Chapter3CleanArchitecture\Chapter3CleanArchitecture.csproj", "{C88F4547-80BF-4D46-B6BB-05D7B9B6D924}"
EndProject
Project("{9A19103F-16F7-4668-BE54-9A1E7A4F7556}") = "Chapter3CleanArchitecture.Client", "Chapter3CleanArchitecture\Chapter3CleanArchitecture.Client\Chapter3CleanArchitecture.Client.csproj", "{5BF25A54-3D73-4D60-8F0B-A9405607E7AB}"
EndProject
Project("{9A19103F-16F7-4668-BE54-9A1E7A4F7556}") = "Core", "Core\Core.csproj", "{41D8DA08-511F-4101-BD31-0BF6BA7CE73F}"
EndProject
Project("{9A19103F-16F7-4668-BE54-9A1E7A4F7556}") = "Infrastructure", "Infrastructure\Infrastructure.csproj", "{6D6480B2-BE96-44A0-9176-4E82DA149A0D}"
EndProject
Project("{9A19103F-16F7-4668-BE54-9A1E7A4F7556}") = "Domain", "Domain\Domain.csproj", "{21ED53AC-F3A9-49A0-A7C2-C1C50A434675}"
EndProject
Global
	GlobalSection(SolutionConfigurationPlatforms) = preSolution
		Debug|Any CPU = Debug|Any CPU
		Release|Any CPU = Release|Any CPU
	EndGlobalSection
	GlobalSection(ProjectConfigurationPlatforms) = postSolution
		{C88F4547-80BF-4D46-B6BB-05D7B9B6D924}.Debug|Any CPU.ActiveCfg = Debug|Any CPU
		{C88F4547-80BF-4D46-B6BB-05D7B9B6D924}.Debug|Any CPU.Build.0 = Debug|Any CPU
		{C88F4547-80BF-4D46-B6BB-05D7B9B6D924}.Release|Any CPU.ActiveCfg = Release|Any CPU
		{C88F4547-80BF-4D46-B6BB-05D7B9B6D924}.Release|Any CPU.Build.0 = Release|Any CPU
		{5BF25A54-3D73-4D60-8F0B-A9405607E7AB}.Debug|Any CPU.ActiveCfg = Debug|Any CPU
		{5BF25A54-3D73-4D60-8F0B-A9405607E7AB}.Debug|Any CPU.Build.0 = Debug|Any CPU
		{5BF25A54-3D73-4D60-8F0B-A9405607E7AB}.Release|Any CPU.ActiveCfg = Release|Any CPU
		{5BF25A54-3D73-4D60-8F0B-A9405607E7AB}.Release|Any CPU.Build.0 = Release|Any CPU
		{41D8DA08-511F-4101-BD31-0BF6BA7CE73F}.Debug|Any CPU.ActiveCfg = Debug|Any CPU
		{41D8DA08-511F-4101-BD31-0BF6BA7CE73F}.Debug|Any CPU.Build.0 = Debug|Any CPU
		{41D8DA08-511F-4101-BD31-0BF6BA7CE73F}.Release|Any CPU.ActiveCfg = Release|Any CPU
		{41D8DA08-511F-4101-BD31-0BF6BA7CE73F}.Release|Any CPU.Build.0 = Release|Any CPU
		{6D6480B2-BE96-44A0-9176-4E82DA149A0D}.Debug|Any CPU.ActiveCfg = Debug|Any CPU
		{6D6480B2-BE96-44A0-9176-4E82DA149A0D}.Debug|Any CPU.Build.0 = Debug|Any CPU
		{6D6480B2-BE96-44A0-9176-4E82DA149A0D}.Release|Any CPU.ActiveCfg = Release|Any CPU
		{6D6480B2-BE96-44A0-9176-4E82DA149A0D}.Release|Any CPU.Build.0 = Release|Any CPU
		{21ED53AC-F3A9-49A0-A7C2-C1C50A434675}.Debug|Any CPU.ActiveCfg = Debug|Any CPU
		{21ED53AC-F3A9-49A0-A7C2-C1C50A434675}.Debug|Any CPU.Build.0 = Debug|Any CPU
		{21ED53AC-F3A9-49A0-A7C2-C1C50A434675}.Release|Any CPU.ActiveCfg = Release|Any CPU
		{21ED53AC-F3A9-49A0-A7C2-C1C50A434675}.Release|Any CPU.Build.0 = Release|Any CPU
	EndGlobalSection
	GlobalSection(SolutionProperties) = preSolution
		HideSolutionNode = FALSE
	EndGlobalSection
	GlobalSection(ExtensibilityGlobals) = postSolution
		SolutionGuid = {3E97C0A0-C963-483A-AC38-946CD81BA741}
	EndGlobalSection
EndGlobal
