
Microsoft Visual Studio Solution File, Format Version 12.00
# Visual Studio Version 17
VisualStudioVersion = 17.9.34622.214
MinimumVisualStudioVersion = 10.0.40219.1
Project("{FAE04EC0-301F-11D3-BF4B-00C04F79EFBC}") = "Chapter3HA", "Chapter3HA\Chapter3HA\Chapter3HA.csproj", "{632E003A-3525-420C-A446-0F17C4A291DB}"
EndProject
Project("{FAE04EC0-301F-11D3-BF4B-00C04F79EFBC}") = "Chapter3HA.Client", "Chapter3HA\Chapter3HA.Client\Chapter3HA.Client.csproj", "{2D201F55-0E92-40C3-8C8B-25C4EFD8EA2D}"
EndProject
Project("{9A19103F-16F7-4668-BE54-9A1E7A4F7556}") = "Application", "Application\Application.csproj", "{AD8CAD76-B985-4C93-B5E7-914CFABCB21C}"
EndProject
Project("{9A19103F-16F7-4668-BE54-9A1E7A4F7556}") = "Core", "Core\Core.csproj", "{6CAC96BF-CB68-4A9B-B109-33483C81ED72}"
EndProject
Project("{9A19103F-16F7-4668-BE54-9A1E7A4F7556}") = "Infrastructure", "Infrastructure\Infrastructure.csproj", "{4F1211E2-CD4B-47FE-B259-AE7621065728}"
EndProject
Global
	GlobalSection(SolutionConfigurationPlatforms) = preSolution
		Debug|Any CPU = Debug|Any CPU
		Release|Any CPU = Release|Any CPU
	EndGlobalSection
	GlobalSection(ProjectConfigurationPlatforms) = postSolution
		{632E003A-3525-420C-A446-0F17C4A291DB}.Debug|Any CPU.ActiveCfg = Debug|Any CPU
		{632E003A-3525-420C-A446-0F17C4A291DB}.Debug|Any CPU.Build.0 = Debug|Any CPU
		{632E003A-3525-420C-A446-0F17C4A291DB}.Release|Any CPU.ActiveCfg = Release|Any CPU
		{632E003A-3525-420C-A446-0F17C4A291DB}.Release|Any CPU.Build.0 = Release|Any CPU
		{2D201F55-0E92-40C3-8C8B-25C4EFD8EA2D}.Debug|Any CPU.ActiveCfg = Debug|Any CPU
		{2D201F55-0E92-40C3-8C8B-25C4EFD8EA2D}.Debug|Any CPU.Build.0 = Debug|Any CPU
		{2D201F55-0E92-40C3-8C8B-25C4EFD8EA2D}.Release|Any CPU.ActiveCfg = Release|Any CPU
		{2D201F55-0E92-40C3-8C8B-25C4EFD8EA2D}.Release|Any CPU.Build.0 = Release|Any CPU
		{AD8CAD76-B985-4C93-B5E7-914CFABCB21C}.Debug|Any CPU.ActiveCfg = Debug|Any CPU
		{AD8CAD76-B985-4C93-B5E7-914CFABCB21C}.Debug|Any CPU.Build.0 = Debug|Any CPU
		{AD8CAD76-B985-4C93-B5E7-914CFABCB21C}.Release|Any CPU.ActiveCfg = Release|Any CPU
		{AD8CAD76-B985-4C93-B5E7-914CFABCB21C}.Release|Any CPU.Build.0 = Release|Any CPU
		{6CAC96BF-CB68-4A9B-B109-33483C81ED72}.Debug|Any CPU.ActiveCfg = Debug|Any CPU
		{6CAC96BF-CB68-4A9B-B109-33483C81ED72}.Debug|Any CPU.Build.0 = Debug|Any CPU
		{6CAC96BF-CB68-4A9B-B109-33483C81ED72}.Release|Any CPU.ActiveCfg = Release|Any CPU
		{6CAC96BF-CB68-4A9B-B109-33483C81ED72}.Release|Any CPU.Build.0 = Release|Any CPU
		{4F1211E2-CD4B-47FE-B259-AE7621065728}.Debug|Any CPU.ActiveCfg = Debug|Any CPU
		{4F1211E2-CD4B-47FE-B259-AE7621065728}.Debug|Any CPU.Build.0 = Debug|Any CPU
		{4F1211E2-CD4B-47FE-B259-AE7621065728}.Release|Any CPU.ActiveCfg = Release|Any CPU
		{4F1211E2-CD4B-47FE-B259-AE7621065728}.Release|Any CPU.Build.0 = Release|Any CPU
	EndGlobalSection
	GlobalSection(SolutionProperties) = preSolution
		HideSolutionNode = FALSE
	EndGlobalSection
	GlobalSection(ExtensibilityGlobals) = postSolution
		SolutionGuid = {27DE627B-9C26-4F18-A734-DEE17E4A5CCD}
	EndGlobalSection
EndGlobal
